
Microsoft Visual Studio Solution File, Format Version 12.00
# Visual Studio Version 17
VisualStudioVersion = 17.3.32929.385
MinimumVisualStudioVersion = 10.0.40219.1
Project("{FAE04EC0-301F-11D3-BF4B-00C04F79EFBC}") = "SmartParkingSystemAPI", "SmartParkingSystemAPI\SmartParkingSystemAPI.csproj", "{7BC703BE-A130-4BB9-BD77-2B64396706EB}"
EndProject
Global
	GlobalSection(SolutionConfigurationPlatforms) = preSolution
		Debug|Any CPU = Debug|Any CPU
		Release|Any CPU = Release|Any CPU
	EndGlobalSection
	GlobalSection(ProjectConfigurationPlatforms) = postSolution
		{7BC703BE-A130-4BB9-BD77-2B64396706EB}.Debug|Any CPU.ActiveCfg = Debug|Any CPU
		{7BC703BE-A130-4BB9-BD77-2B64396706EB}.Debug|Any CPU.Build.0 = Debug|Any CPU
		{7BC703BE-A130-4BB9-BD77-2B64396706EB}.Release|Any CPU.ActiveCfg = Release|Any CPU
		{7BC703BE-A130-4BB9-BD77-2B64396706EB}.Release|Any CPU.Build.0 = Release|Any CPU
	EndGlobalSection
	GlobalSection(SolutionProperties) = preSolution
		HideSolutionNode = FALSE
	EndGlobalSection
	GlobalSection(ExtensibilityGlobals) = postSolution
		SolutionGuid = {DC846053-D2A9-4D41-A135-044ABEE4BC3A}
	EndGlobalSection
EndGlobal
